
Microsoft Visual Studio Solution File, Format Version 12.00
# Visual Studio Version 16
VisualStudioVersion = 16.0.31410.357
MinimumVisualStudioVersion = 10.0.40219.1
Project("{9A19103F-16F7-4668-BE54-9A1E7A4F7556}") = "NestConsole", "NestConsole\NestConsole.csproj", "{FBF585F7-EE9D-4F2E-B91F-D1BECBC1B2B4}"
EndProject
Global
	GlobalSection(SolutionConfigurationPlatforms) = preSolution
		Debug|Any CPU = Debug|Any CPU
		Release|Any CPU = Release|Any CPU
	EndGlobalSection
	GlobalSection(ProjectConfigurationPlatforms) = postSolution
		{FBF585F7-EE9D-4F2E-B91F-D1BECBC1B2B4}.Debug|Any CPU.ActiveCfg = Debug|Any CPU
		{FBF585F7-EE9D-4F2E-B91F-D1BECBC1B2B4}.Debug|Any CPU.Build.0 = Debug|Any CPU
		{FBF585F7-EE9D-4F2E-B91F-D1BECBC1B2B4}.Release|Any CPU.ActiveCfg = Release|Any CPU
		{FBF585F7-EE9D-4F2E-B91F-D1BECBC1B2B4}.Release|Any CPU.Build.0 = Release|Any CPU
	EndGlobalSection
	GlobalSection(SolutionProperties) = preSolution
		HideSolutionNode = FALSE
	EndGlobalSection
	GlobalSection(ExtensibilityGlobals) = postSolution
		SolutionGuid = {C3491F58-EE5A-4475-AFB4-F838AAED5AB1}
	EndGlobalSection
EndGlobal
